
Microsoft Visual Studio Solution File, Format Version 12.00
# Visual Studio Version 16
VisualStudioVersion = 16.0.33328.57
MinimumVisualStudioVersion = 10.0.40219.1
Project("{FAE04EC0-301F-11D3-BF4B-00C04F79EFBC}") = "final", "final\final.csproj", "{1E3F83ED-1CF4-4A98-8F50-873FDCD4DE93}"
EndProject
Project("{FAE04EC0-301F-11D3-BF4B-00C04F79EFBC}") = "YFUtility", "YFUtility\YFUtility.csproj", "{7B21D4A7-625F-4457-B5AB-FEBB90EF68B0}"
EndProject
Project("{FAE04EC0-301F-11D3-BF4B-00C04F79EFBC}") = "YFModel", "YFModel\YFModel.csproj", "{FA315088-5085-416F-9296-AA8D77C37CC0}"
EndProject
Project("{FAE04EC0-301F-11D3-BF4B-00C04F79EFBC}") = "YFDAL", "YFDAL\YFDAL.csproj", "{991D6E62-8F0B-40C4-8981-D6B82D887D62}"
EndProject
Project("{FAE04EC0-301F-11D3-BF4B-00C04F79EFBC}") = "YFBLL", "YFBLL\YFBLL.csproj", "{C927DD43-4421-4625-8FB5-8EE9F734FA92}"
EndProject
Global
	GlobalSection(SolutionConfigurationPlatforms) = preSolution
		Debug|Any CPU = Debug|Any CPU
		Release|Any CPU = Release|Any CPU
	EndGlobalSection
	GlobalSection(ProjectConfigurationPlatforms) = postSolution
		{1E3F83ED-1CF4-4A98-8F50-873FDCD4DE93}.Debug|Any CPU.ActiveCfg = Debug|Any CPU
		{1E3F83ED-1CF4-4A98-8F50-873FDCD4DE93}.Debug|Any CPU.Build.0 = Debug|Any CPU
		{1E3F83ED-1CF4-4A98-8F50-873FDCD4DE93}.Release|Any CPU.ActiveCfg = Release|Any CPU
		{1E3F83ED-1CF4-4A98-8F50-873FDCD4DE93}.Release|Any CPU.Build.0 = Release|Any CPU
		{7B21D4A7-625F-4457-B5AB-FEBB90EF68B0}.Debug|Any CPU.ActiveCfg = Debug|Any CPU
		{7B21D4A7-625F-4457-B5AB-FEBB90EF68B0}.Debug|Any CPU.Build.0 = Debug|Any CPU
		{7B21D4A7-625F-4457-B5AB-FEBB90EF68B0}.Release|Any CPU.ActiveCfg = Release|Any CPU
		{7B21D4A7-625F-4457-B5AB-FEBB90EF68B0}.Release|Any CPU.Build.0 = Release|Any CPU
		{FA315088-5085-416F-9296-AA8D77C37CC0}.Debug|Any CPU.ActiveCfg = Debug|Any CPU
		{FA315088-5085-416F-9296-AA8D77C37CC0}.Debug|Any CPU.Build.0 = Debug|Any CPU
		{FA315088-5085-416F-9296-AA8D77C37CC0}.Release|Any CPU.ActiveCfg = Release|Any CPU
		{FA315088-5085-416F-9296-AA8D77C37CC0}.Release|Any CPU.Build.0 = Release|Any CPU
		{991D6E62-8F0B-40C4-8981-D6B82D887D62}.Debug|Any CPU.ActiveCfg = Debug|Any CPU
		{991D6E62-8F0B-40C4-8981-D6B82D887D62}.Debug|Any CPU.Build.0 = Debug|Any CPU
		{991D6E62-8F0B-40C4-8981-D6B82D887D62}.Release|Any CPU.ActiveCfg = Release|Any CPU
		{991D6E62-8F0B-40C4-8981-D6B82D887D62}.Release|Any CPU.Build.0 = Release|Any CPU
		{C927DD43-4421-4625-8FB5-8EE9F734FA92}.Debug|Any CPU.ActiveCfg = Debug|Any CPU
		{C927DD43-4421-4625-8FB5-8EE9F734FA92}.Debug|Any CPU.Build.0 = Debug|Any CPU
		{C927DD43-4421-4625-8FB5-8EE9F734FA92}.Release|Any CPU.ActiveCfg = Release|Any CPU
		{C927DD43-4421-4625-8FB5-8EE9F734FA92}.Release|Any CPU.Build.0 = Release|Any CPU
	EndGlobalSection
	GlobalSection(SolutionProperties) = preSolution
		HideSolutionNode = FALSE
	EndGlobalSection
	GlobalSection(ExtensibilityGlobals) = postSolution
		SolutionGuid = {94C69DD4-41F5-4284-9435-B811B0938863}
	EndGlobalSection
EndGlobal
